
Microsoft Visual Studio Solution File, Format Version 12.00
# Visual Studio 2013
VisualStudioVersion = 12.0.21005.1
MinimumVisualStudioVersion = 10.0.40219.1
Project("{FAE04EC0-301F-11D3-BF4B-00C04F79EFBC}") = "AccompProject", "AccompProject\AccompProject.csproj", "{26A4BCD3-7862-4813-AA94-DC916E561087}"
EndProject
Project("{FAE04EC0-301F-11D3-BF4B-00C04F79EFBC}") = "AccompProject.Tests", "AccompProject.Tests\AccompProject.Tests.csproj", "{8B0F86CB-B583-4C89-B1B8-4C20FEABD5F6}"
EndProject
Global
	GlobalSection(SolutionConfigurationPlatforms) = preSolution
		Debug|Any CPU = Debug|Any CPU
		Release|Any CPU = Release|Any CPU
	EndGlobalSection
	GlobalSection(ProjectConfigurationPlatforms) = postSolution
		{26A4BCD3-7862-4813-AA94-DC916E561087}.Debug|Any CPU.ActiveCfg = Debug|Any CPU
		{26A4BCD3-7862-4813-AA94-DC916E561087}.Debug|Any CPU.Build.0 = Debug|Any CPU
		{26A4BCD3-7862-4813-AA94-DC916E561087}.Release|Any CPU.ActiveCfg = Release|Any CPU
		{26A4BCD3-7862-4813-AA94-DC916E561087}.Release|Any CPU.Build.0 = Release|Any CPU
		{8B0F86CB-B583-4C89-B1B8-4C20FEABD5F6}.Debug|Any CPU.ActiveCfg = Debug|Any CPU
		{8B0F86CB-B583-4C89-B1B8-4C20FEABD5F6}.Debug|Any CPU.Build.0 = Debug|Any CPU
		{8B0F86CB-B583-4C89-B1B8-4C20FEABD5F6}.Release|Any CPU.ActiveCfg = Release|Any CPU
		{8B0F86CB-B583-4C89-B1B8-4C20FEABD5F6}.Release|Any CPU.Build.0 = Release|Any CPU
	EndGlobalSection
	GlobalSection(SolutionProperties) = preSolution
		HideSolutionNode = FALSE
	EndGlobalSection
EndGlobal
